
Microsoft Visual Studio Solution File, Format Version 12.00
# Visual Studio 15
VisualStudioVersion = 15.0.28307.572
MinimumVisualStudioVersion = 10.0.40219.1
Project("{FAE04EC0-301F-11D3-BF4B-00C04F79EFBC}") = "BeyondVacation", "BeyondVacation\BeyondVacation.csproj", "{1B866BE5-4D81-46E4-A70D-C1885B88B9D4}"
EndProject
Project("{FAE04EC0-301F-11D3-BF4B-00C04F79EFBC}") = "BeyondVacation.Model", "BeyondVacation.Model\BeyondVacation.Model.csproj", "{3D726ACC-2E7A-4539-A27A-411303E30EA5}"
EndProject
Project("{FAE04EC0-301F-11D3-BF4B-00C04F79EFBC}") = "BeyondVacation.DAL", "BeyondVacation.DAL\BeyondVacation.DAL.csproj", "{7A882B6F-442D-4B8D-811D-24D652299783}"
EndProject
Project("{FAE04EC0-301F-11D3-BF4B-00C04F79EFBC}") = "BeyondVacation.BAL", "BeyondVacation.BAL\BeyondVacation.BAL.csproj", "{36051244-5EE3-4EA9-ACFA-1FD523FE090F}"
EndProject
Global
	GlobalSection(SolutionConfigurationPlatforms) = preSolution
		Debug|Any CPU = Debug|Any CPU
		Release|Any CPU = Release|Any CPU
	EndGlobalSection
	GlobalSection(ProjectConfigurationPlatforms) = postSolution
		{1B866BE5-4D81-46E4-A70D-C1885B88B9D4}.Debug|Any CPU.ActiveCfg = Debug|Any CPU
		{1B866BE5-4D81-46E4-A70D-C1885B88B9D4}.Debug|Any CPU.Build.0 = Debug|Any CPU
		{1B866BE5-4D81-46E4-A70D-C1885B88B9D4}.Release|Any CPU.ActiveCfg = Release|Any CPU
		{1B866BE5-4D81-46E4-A70D-C1885B88B9D4}.Release|Any CPU.Build.0 = Release|Any CPU
		{3D726ACC-2E7A-4539-A27A-411303E30EA5}.Debug|Any CPU.ActiveCfg = Debug|Any CPU
		{3D726ACC-2E7A-4539-A27A-411303E30EA5}.Debug|Any CPU.Build.0 = Debug|Any CPU
		{3D726ACC-2E7A-4539-A27A-411303E30EA5}.Release|Any CPU.ActiveCfg = Release|Any CPU
		{3D726ACC-2E7A-4539-A27A-411303E30EA5}.Release|Any CPU.Build.0 = Release|Any CPU
		{7A882B6F-442D-4B8D-811D-24D652299783}.Debug|Any CPU.ActiveCfg = Debug|Any CPU
		{7A882B6F-442D-4B8D-811D-24D652299783}.Debug|Any CPU.Build.0 = Debug|Any CPU
		{7A882B6F-442D-4B8D-811D-24D652299783}.Release|Any CPU.ActiveCfg = Release|Any CPU
		{7A882B6F-442D-4B8D-811D-24D652299783}.Release|Any CPU.Build.0 = Release|Any CPU
		{36051244-5EE3-4EA9-ACFA-1FD523FE090F}.Debug|Any CPU.ActiveCfg = Debug|Any CPU
		{36051244-5EE3-4EA9-ACFA-1FD523FE090F}.Debug|Any CPU.Build.0 = Debug|Any CPU
		{36051244-5EE3-4EA9-ACFA-1FD523FE090F}.Release|Any CPU.ActiveCfg = Release|Any CPU
		{36051244-5EE3-4EA9-ACFA-1FD523FE090F}.Release|Any CPU.Build.0 = Release|Any CPU
	EndGlobalSection
	GlobalSection(SolutionProperties) = preSolution
		HideSolutionNode = FALSE
	EndGlobalSection
	GlobalSection(ExtensibilityGlobals) = postSolution
		SolutionGuid = {1EA22441-1022-4BFA-8510-E0647F3B5997}
	EndGlobalSection
EndGlobal
